
Microsoft Visual Studio Solution File, Format Version 11.00
# Visual Studio 2010
Project("{8BC9CEB8-8B4A-11D0-8D11-00A0C91BC942}") = "indica", "indica.vcxproj", "{A91BC8F5-F2ED-4ABF-AE74-581482272C11}"
EndProject
Project("{8BC9CEB8-8B4A-11D0-8D11-00A0C91BC942}") = "indica-lib", "..\indica-lib\vs2008\indica-lib.vcxproj", "{34D4ABA7-6561-4289-81BA-A4EECE1D002F}"
EndProject
Global
	GlobalSection(SolutionConfigurationPlatforms) = preSolution
		Debug|Win32 = Debug|Win32
		Debug|x64 = Debug|x64
		Release|Win32 = Release|Win32
		Release|x64 = Release|x64
	EndGlobalSection
	GlobalSection(ProjectConfigurationPlatforms) = postSolution
		{A91BC8F5-F2ED-4ABF-AE74-581482272C11}.Debug|Win32.ActiveCfg = Debug|Win32
		{A91BC8F5-F2ED-4ABF-AE74-581482272C11}.Debug|Win32.Build.0 = Debug|Win32
		{A91BC8F5-F2ED-4ABF-AE74-581482272C11}.Debug|x64.ActiveCfg = Debug|x64
		{A91BC8F5-F2ED-4ABF-AE74-581482272C11}.Debug|x64.Build.0 = Debug|x64
		{A91BC8F5-F2ED-4ABF-AE74-581482272C11}.Release|Win32.ActiveCfg = Release|Win32
		{A91BC8F5-F2ED-4ABF-AE74-581482272C11}.Release|Win32.Build.0 = Release|Win32
		{A91BC8F5-F2ED-4ABF-AE74-581482272C11}.Release|x64.ActiveCfg = Release|x64
		{A91BC8F5-F2ED-4ABF-AE74-581482272C11}.Release|x64.Build.0 = Release|x64
		{34D4ABA7-6561-4289-81BA-A4EECE1D002F}.Debug|Win32.ActiveCfg = Debug|Win32
		{34D4ABA7-6561-4289-81BA-A4EECE1D002F}.Debug|Win32.Build.0 = Debug|Win32
		{34D4ABA7-6561-4289-81BA-A4EECE1D002F}.Debug|x64.ActiveCfg = Debug|x64
		{34D4ABA7-6561-4289-81BA-A4EECE1D002F}.Debug|x64.Build.0 = Debug|x64
		{34D4ABA7-6561-4289-81BA-A4EECE1D002F}.Release|Win32.ActiveCfg = Release|Win32
		{34D4ABA7-6561-4289-81BA-A4EECE1D002F}.Release|Win32.Build.0 = Release|Win32
		{34D4ABA7-6561-4289-81BA-A4EECE1D002F}.Release|x64.ActiveCfg = Release|x64
		{34D4ABA7-6561-4289-81BA-A4EECE1D002F}.Release|x64.Build.0 = Release|x64
	EndGlobalSection
	GlobalSection(SolutionProperties) = preSolution
		HideSolutionNode = FALSE
	EndGlobalSection
EndGlobal
